
Microsoft Visual Studio Solution File, Format Version 12.00
# Visual Studio 15
VisualStudioVersion = 15.0.28307.572
MinimumVisualStudioVersion = 10.0.40219.1
Project("{9A19103F-16F7-4668-BE54-9A1E7A4F7556}") = "Gateway.Ocelot", "Gateway.Ocelot\Gateway.Ocelot.csproj", "{0FB8FA25-AE35-43C5-A655-31C67CD71940}"
EndProject
Project("{2150E333-8FDC-42A3-9474-1A3956D46DE8}") = "API Gateway", "API Gateway", "{69B28D91-F3B8-4D37-AB10-D37DD95BD565}"
EndProject
Project("{2150E333-8FDC-42A3-9474-1A3956D46DE8}") = "Services", "Services", "{3E4D2453-02BB-44B1-A9C0-7D94C918DEF6}"
	ProjectSection(SolutionItems) = preProject
		DOCKERFILE = DOCKERFILE
		HowToRunTheBusContainer.txt = HowToRunTheBusContainer.txt
	EndProjectSection
EndProject
Project("{9A19103F-16F7-4668-BE54-9A1E7A4F7556}") = "Services.Messages", "Services.Messages\Services.Messages.csproj", "{930263DC-E6B3-4D5F-A87D-F6782ED0BA01}"
EndProject
Project("{2150E333-8FDC-42A3-9474-1A3956D46DE8}") = "MassTransit", "MassTransit", "{52AE70DF-18F8-424F-88CE-C07D62EF33F8}"
EndProject
Project("{9A19103F-16F7-4668-BE54-9A1E7A4F7556}") = "MassTransit.BusHelper", "MassTransit.BusHelper\MassTransit.BusHelper.csproj", "{C5987C24-FBA2-4490-932C-DE93FAC24BEA}"
EndProject
Project("{9A19103F-16F7-4668-BE54-9A1E7A4F7556}") = "Services.MassTransit.DataConsumer", "Services.MassTransit.DataConsumer\Services.MassTransit.DataConsumer.csproj", "{DF3F7C2E-77E9-4C36-8BD1-B5AFD36FC9D8}"
EndProject
Project("{9A19103F-16F7-4668-BE54-9A1E7A4F7556}") = "Services.MassTransit.DataWriter", "Services.MassTransit.DataWriter\Services.MassTransit.DataWriter.csproj", "{DD0000A9-AE36-49DA-877E-90F2BDBC5F97}"
EndProject
Project("{2150E333-8FDC-42A3-9474-1A3956D46DE8}") = "RabbitMQ.Client", "RabbitMQ.Client", "{ECF2A0F0-69E5-4F50-933A-84DF2CC7128F}"
EndProject
Project("{9A19103F-16F7-4668-BE54-9A1E7A4F7556}") = "Services.RabbitMQ.DataWriter", "Services.RabbitMQ.DataWriter\Services.RabbitMQ.DataWriter.csproj", "{AD9C3D38-595D-48A9-A447-6F45888F96F8}"
EndProject
Project("{9A19103F-16F7-4668-BE54-9A1E7A4F7556}") = "Services.RabbitMQ.DataConsumer", "Services.RabbitMQ.DataConsumer\Services.RabbitMQ.DataConsumer.csproj", "{50CCB390-D4A3-4CEF-8A14-B3EB6C5FF2EC}"
EndProject
Project("{9A19103F-16F7-4668-BE54-9A1E7A4F7556}") = "RabbitMQ.BusHelper", "RabbitMQ.BusHelper\RabbitMQ.BusHelper.csproj", "{B5BC38A8-ACF5-4DF8-AA8C-52E34AFC8C73}"
EndProject
Project("{2150E333-8FDC-42A3-9474-1A3956D46DE8}") = "WebClient", "WebClient", "{3D9B8414-A520-4220-B8FF-99F8D98BF1FB}"
EndProject
Project("{9A19103F-16F7-4668-BE54-9A1E7A4F7556}") = "Services.WebClient.DataWriter", "Services.WebClient.DataWriter\Services.WebClient.DataWriter.csproj", "{C1E97B8B-A7F9-4BC6-B461-572F2ED79584}"
EndProject
Project("{9A19103F-16F7-4668-BE54-9A1E7A4F7556}") = "WebClient.BusHelper", "WebClient.BusHelper\WebClient.BusHelper.csproj", "{96DAB5C8-7A85-46A6-A902-17B64F9C2C60}"
EndProject
Project("{9A19103F-16F7-4668-BE54-9A1E7A4F7556}") = "Services.WebClient.DataConsumer", "Services.WebClient.DataConsumer\Services.WebClient.DataConsumer.csproj", "{0A0A30C3-157B-408F-BD45-15715F36C619}"
EndProject
Project("{2150E333-8FDC-42A3-9474-1A3956D46DE8}") = "Servicebus", "Servicebus", "{1CDEC8ED-764F-4A1B-8E39-C33335D06559}"
EndProject
Project("{2150E333-8FDC-42A3-9474-1A3956D46DE8}") = "MicroServices", "MicroServices", "{6D0329B6-511A-4291-8617-3B42C9423283}"
EndProject
Project("{9A19103F-16F7-4668-BE54-9A1E7A4F7556}") = "DataService", "DataService\DataService.csproj", "{B6872D9E-4AD0-497E-A36B-92FA49657C3E}"
EndProject
Project("{E53339B2-1760-4266-BCC7-CA923CBCF16C}") = "docker-compose", "docker-compose.dcproj", "{E7CB5FC1-6EDD-430B-9DCD-71B21DA395DA}"
EndProject
Project("{2150E333-8FDC-42A3-9474-1A3956D46DE8}") = "Packages", "Packages", "{BE0B4F1A-1F63-45D3-BC20-04F7C52E3C21}"
EndProject
Project("{FAE04EC0-301F-11D3-BF4B-00C04F79EFBC}") = "Packages.Configuration", "Packages.Configuration\Packages.Configuration.csproj", "{5C1CD08F-FB52-489D-A853-DE3D6D849394}"
EndProject
Global
	GlobalSection(SolutionConfigurationPlatforms) = preSolution
		Debug|Any CPU = Debug|Any CPU
		Release|Any CPU = Release|Any CPU
	EndGlobalSection
	GlobalSection(ProjectConfigurationPlatforms) = postSolution
		{0FB8FA25-AE35-43C5-A655-31C67CD71940}.Debug|Any CPU.ActiveCfg = Debug|Any CPU
		{0FB8FA25-AE35-43C5-A655-31C67CD71940}.Debug|Any CPU.Build.0 = Debug|Any CPU
		{0FB8FA25-AE35-43C5-A655-31C67CD71940}.Release|Any CPU.ActiveCfg = Release|Any CPU
		{0FB8FA25-AE35-43C5-A655-31C67CD71940}.Release|Any CPU.Build.0 = Release|Any CPU
		{930263DC-E6B3-4D5F-A87D-F6782ED0BA01}.Debug|Any CPU.ActiveCfg = Debug|Any CPU
		{930263DC-E6B3-4D5F-A87D-F6782ED0BA01}.Debug|Any CPU.Build.0 = Debug|Any CPU
		{930263DC-E6B3-4D5F-A87D-F6782ED0BA01}.Release|Any CPU.ActiveCfg = Release|Any CPU
		{930263DC-E6B3-4D5F-A87D-F6782ED0BA01}.Release|Any CPU.Build.0 = Release|Any CPU
		{C5987C24-FBA2-4490-932C-DE93FAC24BEA}.Debug|Any CPU.ActiveCfg = Debug|Any CPU
		{C5987C24-FBA2-4490-932C-DE93FAC24BEA}.Debug|Any CPU.Build.0 = Debug|Any CPU
		{C5987C24-FBA2-4490-932C-DE93FAC24BEA}.Release|Any CPU.ActiveCfg = Release|Any CPU
		{C5987C24-FBA2-4490-932C-DE93FAC24BEA}.Release|Any CPU.Build.0 = Release|Any CPU
		{DF3F7C2E-77E9-4C36-8BD1-B5AFD36FC9D8}.Debug|Any CPU.ActiveCfg = Debug|Any CPU
		{DF3F7C2E-77E9-4C36-8BD1-B5AFD36FC9D8}.Debug|Any CPU.Build.0 = Debug|Any CPU
		{DF3F7C2E-77E9-4C36-8BD1-B5AFD36FC9D8}.Release|Any CPU.ActiveCfg = Release|Any CPU
		{DF3F7C2E-77E9-4C36-8BD1-B5AFD36FC9D8}.Release|Any CPU.Build.0 = Release|Any CPU
		{DD0000A9-AE36-49DA-877E-90F2BDBC5F97}.Debug|Any CPU.ActiveCfg = Debug|Any CPU
		{DD0000A9-AE36-49DA-877E-90F2BDBC5F97}.Debug|Any CPU.Build.0 = Debug|Any CPU
		{DD0000A9-AE36-49DA-877E-90F2BDBC5F97}.Release|Any CPU.ActiveCfg = Release|Any CPU
		{DD0000A9-AE36-49DA-877E-90F2BDBC5F97}.Release|Any CPU.Build.0 = Release|Any CPU
		{AD9C3D38-595D-48A9-A447-6F45888F96F8}.Debug|Any CPU.ActiveCfg = Debug|Any CPU
		{AD9C3D38-595D-48A9-A447-6F45888F96F8}.Debug|Any CPU.Build.0 = Debug|Any CPU
		{AD9C3D38-595D-48A9-A447-6F45888F96F8}.Release|Any CPU.ActiveCfg = Release|Any CPU
		{AD9C3D38-595D-48A9-A447-6F45888F96F8}.Release|Any CPU.Build.0 = Release|Any CPU
		{50CCB390-D4A3-4CEF-8A14-B3EB6C5FF2EC}.Debug|Any CPU.ActiveCfg = Debug|Any CPU
		{50CCB390-D4A3-4CEF-8A14-B3EB6C5FF2EC}.Debug|Any CPU.Build.0 = Debug|Any CPU
		{50CCB390-D4A3-4CEF-8A14-B3EB6C5FF2EC}.Release|Any CPU.ActiveCfg = Release|Any CPU
		{50CCB390-D4A3-4CEF-8A14-B3EB6C5FF2EC}.Release|Any CPU.Build.0 = Release|Any CPU
		{B5BC38A8-ACF5-4DF8-AA8C-52E34AFC8C73}.Debug|Any CPU.ActiveCfg = Debug|Any CPU
		{B5BC38A8-ACF5-4DF8-AA8C-52E34AFC8C73}.Debug|Any CPU.Build.0 = Debug|Any CPU
		{B5BC38A8-ACF5-4DF8-AA8C-52E34AFC8C73}.Release|Any CPU.ActiveCfg = Release|Any CPU
		{B5BC38A8-ACF5-4DF8-AA8C-52E34AFC8C73}.Release|Any CPU.Build.0 = Release|Any CPU
		{C1E97B8B-A7F9-4BC6-B461-572F2ED79584}.Debug|Any CPU.ActiveCfg = Debug|Any CPU
		{C1E97B8B-A7F9-4BC6-B461-572F2ED79584}.Debug|Any CPU.Build.0 = Debug|Any CPU
		{C1E97B8B-A7F9-4BC6-B461-572F2ED79584}.Release|Any CPU.ActiveCfg = Release|Any CPU
		{C1E97B8B-A7F9-4BC6-B461-572F2ED79584}.Release|Any CPU.Build.0 = Release|Any CPU
		{96DAB5C8-7A85-46A6-A902-17B64F9C2C60}.Debug|Any CPU.ActiveCfg = Debug|Any CPU
		{96DAB5C8-7A85-46A6-A902-17B64F9C2C60}.Debug|Any CPU.Build.0 = Debug|Any CPU
		{96DAB5C8-7A85-46A6-A902-17B64F9C2C60}.Release|Any CPU.ActiveCfg = Release|Any CPU
		{96DAB5C8-7A85-46A6-A902-17B64F9C2C60}.Release|Any CPU.Build.0 = Release|Any CPU
		{0A0A30C3-157B-408F-BD45-15715F36C619}.Debug|Any CPU.ActiveCfg = Debug|Any CPU
		{0A0A30C3-157B-408F-BD45-15715F36C619}.Debug|Any CPU.Build.0 = Debug|Any CPU
		{0A0A30C3-157B-408F-BD45-15715F36C619}.Release|Any CPU.ActiveCfg = Release|Any CPU
		{0A0A30C3-157B-408F-BD45-15715F36C619}.Release|Any CPU.Build.0 = Release|Any CPU
		{B6872D9E-4AD0-497E-A36B-92FA49657C3E}.Debug|Any CPU.ActiveCfg = Debug|Any CPU
		{B6872D9E-4AD0-497E-A36B-92FA49657C3E}.Debug|Any CPU.Build.0 = Debug|Any CPU
		{B6872D9E-4AD0-497E-A36B-92FA49657C3E}.Release|Any CPU.ActiveCfg = Release|Any CPU
		{B6872D9E-4AD0-497E-A36B-92FA49657C3E}.Release|Any CPU.Build.0 = Release|Any CPU
		{E7CB5FC1-6EDD-430B-9DCD-71B21DA395DA}.Debug|Any CPU.ActiveCfg = Debug|Any CPU
		{E7CB5FC1-6EDD-430B-9DCD-71B21DA395DA}.Debug|Any CPU.Build.0 = Debug|Any CPU
		{E7CB5FC1-6EDD-430B-9DCD-71B21DA395DA}.Release|Any CPU.ActiveCfg = Release|Any CPU
		{E7CB5FC1-6EDD-430B-9DCD-71B21DA395DA}.Release|Any CPU.Build.0 = Release|Any CPU
		{5C1CD08F-FB52-489D-A853-DE3D6D849394}.Debug|Any CPU.ActiveCfg = Debug|Any CPU
		{5C1CD08F-FB52-489D-A853-DE3D6D849394}.Debug|Any CPU.Build.0 = Debug|Any CPU
		{5C1CD08F-FB52-489D-A853-DE3D6D849394}.Release|Any CPU.ActiveCfg = Release|Any CPU
		{5C1CD08F-FB52-489D-A853-DE3D6D849394}.Release|Any CPU.Build.0 = Release|Any CPU
	EndGlobalSection
	GlobalSection(SolutionProperties) = preSolution
		HideSolutionNode = FALSE
	EndGlobalSection
	GlobalSection(NestedProjects) = preSolution
		{0FB8FA25-AE35-43C5-A655-31C67CD71940} = {69B28D91-F3B8-4D37-AB10-D37DD95BD565}
		{930263DC-E6B3-4D5F-A87D-F6782ED0BA01} = {3E4D2453-02BB-44B1-A9C0-7D94C918DEF6}
		{52AE70DF-18F8-424F-88CE-C07D62EF33F8} = {1CDEC8ED-764F-4A1B-8E39-C33335D06559}
		{C5987C24-FBA2-4490-932C-DE93FAC24BEA} = {52AE70DF-18F8-424F-88CE-C07D62EF33F8}
		{DF3F7C2E-77E9-4C36-8BD1-B5AFD36FC9D8} = {52AE70DF-18F8-424F-88CE-C07D62EF33F8}
		{DD0000A9-AE36-49DA-877E-90F2BDBC5F97} = {52AE70DF-18F8-424F-88CE-C07D62EF33F8}
		{ECF2A0F0-69E5-4F50-933A-84DF2CC7128F} = {1CDEC8ED-764F-4A1B-8E39-C33335D06559}
		{AD9C3D38-595D-48A9-A447-6F45888F96F8} = {ECF2A0F0-69E5-4F50-933A-84DF2CC7128F}
		{50CCB390-D4A3-4CEF-8A14-B3EB6C5FF2EC} = {ECF2A0F0-69E5-4F50-933A-84DF2CC7128F}
		{B5BC38A8-ACF5-4DF8-AA8C-52E34AFC8C73} = {ECF2A0F0-69E5-4F50-933A-84DF2CC7128F}
		{3D9B8414-A520-4220-B8FF-99F8D98BF1FB} = {1CDEC8ED-764F-4A1B-8E39-C33335D06559}
		{C1E97B8B-A7F9-4BC6-B461-572F2ED79584} = {3D9B8414-A520-4220-B8FF-99F8D98BF1FB}
		{96DAB5C8-7A85-46A6-A902-17B64F9C2C60} = {3D9B8414-A520-4220-B8FF-99F8D98BF1FB}
		{0A0A30C3-157B-408F-BD45-15715F36C619} = {3D9B8414-A520-4220-B8FF-99F8D98BF1FB}
		{1CDEC8ED-764F-4A1B-8E39-C33335D06559} = {3E4D2453-02BB-44B1-A9C0-7D94C918DEF6}
		{6D0329B6-511A-4291-8617-3B42C9423283} = {3E4D2453-02BB-44B1-A9C0-7D94C918DEF6}
		{B6872D9E-4AD0-497E-A36B-92FA49657C3E} = {6D0329B6-511A-4291-8617-3B42C9423283}
		{5C1CD08F-FB52-489D-A853-DE3D6D849394} = {BE0B4F1A-1F63-45D3-BC20-04F7C52E3C21}
	EndGlobalSection
	GlobalSection(ExtensibilityGlobals) = postSolution
		SolutionGuid = {CF2FB60C-0A76-4800-AC97-201DDD5A57B7}
	EndGlobalSection
EndGlobal
